
Microsoft Visual Studio Solution File, Format Version 12.00
# Visual Studio Version 17
VisualStudioVersion = 17.12.35527.113
MinimumVisualStudioVersion = 10.0.40219.1
Project("{FAE04EC0-301F-11D3-BF4B-00C04F79EFBC}") = "FirstApp", "FirstApp\FirstApp.csproj", "{51D3B071-EE22-4D06-B3CC-B378C7B2E786}"
EndProject
Project("{FAE04EC0-301F-11D3-BF4B-00C04F79EFBC}") = "ConsoleAppTask_5.1.6", "ConsoleAppTask_5.1.6\ConsoleAppTask_5.1.6.csproj", "{D0F99484-B07F-49E4-B8B6-6AA6B364F642}"
EndProject
Project("{FAE04EC0-301F-11D3-BF4B-00C04F79EFBC}") = "SF_Module_5_4", "SF_Module_5_4\SF_Module_5_4.csproj", "{D75270EF-8DF9-42EE-BD00-097AB0CAA2C0}"
EndProject
Global
	GlobalSection(SolutionConfigurationPlatforms) = preSolution
		Debug|Any CPU = Debug|Any CPU
		Release|Any CPU = Release|Any CPU
	EndGlobalSection
	GlobalSection(ProjectConfigurationPlatforms) = postSolution
		{51D3B071-EE22-4D06-B3CC-B378C7B2E786}.Debug|Any CPU.ActiveCfg = Debug|Any CPU
		{51D3B071-EE22-4D06-B3CC-B378C7B2E786}.Debug|Any CPU.Build.0 = Debug|Any CPU
		{51D3B071-EE22-4D06-B3CC-B378C7B2E786}.Release|Any CPU.ActiveCfg = Release|Any CPU
		{51D3B071-EE22-4D06-B3CC-B378C7B2E786}.Release|Any CPU.Build.0 = Release|Any CPU
		{D0F99484-B07F-49E4-B8B6-6AA6B364F642}.Debug|Any CPU.ActiveCfg = Debug|Any CPU
		{D0F99484-B07F-49E4-B8B6-6AA6B364F642}.Debug|Any CPU.Build.0 = Debug|Any CPU
		{D0F99484-B07F-49E4-B8B6-6AA6B364F642}.Release|Any CPU.ActiveCfg = Release|Any CPU
		{D0F99484-B07F-49E4-B8B6-6AA6B364F642}.Release|Any CPU.Build.0 = Release|Any CPU
		{D75270EF-8DF9-42EE-BD00-097AB0CAA2C0}.Debug|Any CPU.ActiveCfg = Debug|Any CPU
		{D75270EF-8DF9-42EE-BD00-097AB0CAA2C0}.Debug|Any CPU.Build.0 = Debug|Any CPU
		{D75270EF-8DF9-42EE-BD00-097AB0CAA2C0}.Release|Any CPU.ActiveCfg = Release|Any CPU
		{D75270EF-8DF9-42EE-BD00-097AB0CAA2C0}.Release|Any CPU.Build.0 = Release|Any CPU
	EndGlobalSection
	GlobalSection(SolutionProperties) = preSolution
		HideSolutionNode = FALSE
	EndGlobalSection
EndGlobal
